
Microsoft Visual Studio Solution File, Format Version 12.00
# Visual Studio Version 16
VisualStudioVersion = 16.0.29201.188
MinimumVisualStudioVersion = 10.0.40219.1
Project("{FAE04EC0-301F-11D3-BF4B-00C04F79EFBC}") = "ExportExcelTool", "ExportExcelTool.csproj", "{535C3CB5-0C07-4E2D-A8FA-F581DB5CECA4}"
EndProject
Global
	GlobalSection(SolutionConfigurationPlatforms) = preSolution
		Debug|Any CPU = Debug|Any CPU
		Release|Any CPU = Release|Any CPU
	EndGlobalSection
	GlobalSection(ProjectConfigurationPlatforms) = postSolution
		{535C3CB5-0C07-4E2D-A8FA-F581DB5CECA4}.Debug|Any CPU.ActiveCfg = Debug|Any CPU
		{535C3CB5-0C07-4E2D-A8FA-F581DB5CECA4}.Debug|Any CPU.Build.0 = Debug|Any CPU
		{535C3CB5-0C07-4E2D-A8FA-F581DB5CECA4}.Release|Any CPU.ActiveCfg = Release|Any CPU
		{535C3CB5-0C07-4E2D-A8FA-F581DB5CECA4}.Release|Any CPU.Build.0 = Release|Any CPU
	EndGlobalSection
	GlobalSection(SolutionProperties) = preSolution
		HideSolutionNode = FALSE
	EndGlobalSection
	GlobalSection(ExtensibilityGlobals) = postSolution
		SolutionGuid = {3447D4BD-9B6A-4493-9275-C4A3CB759D97}
	EndGlobalSection
EndGlobal
